
Microsoft Visual Studio Solution File, Format Version 12.00
# Visual Studio Version 16
VisualStudioVersion = 16.0.33529.622
MinimumVisualStudioVersion = 10.0.40219.1
Project("{2150E333-8FDC-42A3-9474-1A3956D46DE8}") = "ChainOfResponsibiltyDesignPattern", "ChainOfResponsibiltyDesignPattern", "{AD0EEEA7-3FE2-4DCE-98C6-07523F707B9E}"
EndProject
Project("{FAE04EC0-301F-11D3-BF4B-00C04F79EFBC}") = "DesignPattern.ChainOfResponsibilty", "ChainOfResponsibiltyDesignPattern\DesignPattern.ChainOfResponsibilty\DesignPattern.ChainOfResponsibilty.csproj", "{8E946653-3B61-43A3-BFAE-AE0076D01744}"
EndProject
Global
	GlobalSection(SolutionConfigurationPlatforms) = preSolution
		Debug|Any CPU = Debug|Any CPU
		Release|Any CPU = Release|Any CPU
	EndGlobalSection
	GlobalSection(ProjectConfigurationPlatforms) = postSolution
		{8E946653-3B61-43A3-BFAE-AE0076D01744}.Debug|Any CPU.ActiveCfg = Debug|Any CPU
		{8E946653-3B61-43A3-BFAE-AE0076D01744}.Debug|Any CPU.Build.0 = Debug|Any CPU
		{8E946653-3B61-43A3-BFAE-AE0076D01744}.Release|Any CPU.ActiveCfg = Release|Any CPU
		{8E946653-3B61-43A3-BFAE-AE0076D01744}.Release|Any CPU.Build.0 = Release|Any CPU
	EndGlobalSection
	GlobalSection(SolutionProperties) = preSolution
		HideSolutionNode = FALSE
	EndGlobalSection
	GlobalSection(NestedProjects) = preSolution
		{8E946653-3B61-43A3-BFAE-AE0076D01744} = {AD0EEEA7-3FE2-4DCE-98C6-07523F707B9E}
	EndGlobalSection
	GlobalSection(ExtensibilityGlobals) = postSolution
		SolutionGuid = {6605FB1E-4F25-4111-BD40-8BEE50CB246B}
	EndGlobalSection
EndGlobal
